{
  "object": {
    "pins": [
      {
        "package": "KeyboardShortcuts",
        "repositoryURL": "https://github.com/hank121314/KeyboardShortcuts",
        "state": {
          "branch": null,
          "revision": "1aff570929238e3afde0abbadce9a17d4d362ffe",
          "version": null
        }
      },
      {
        "package": "Preferences",
        "repositoryURL": "https://github.com/sindresorhus/Preferences",
        "state": {
          "branch": null,
          "revision": "4802a493acef50c814e4eb63e9a44e0941ec8883",
          "version": "2.2.0"
        }
      }
    ]
  },
  "version": 1
}
