// !$*UTF8*$!
{
	archiveVersion = 1;
	classes = {
	};
	objectVersion = 50;
	objects = {

/* Begin PBXBuildFile section */
		2203114B3D56ABA66BEA480C /* Pods_passafari.framework in Frameworks */ = {isa = PBXBuildFile; fileRef = 76283E4A3B9C707F4948815D /* Pods_passafari.framework */; };
		75044A5821B5BF0900A765B9 /* Helpers.swift in Sources */ = {isa = PBXBuildFile; fileRef = 75044A5721B5BF0900A765B9 /* Helpers.swift */; };
		7511A35E219B52B7008290E9 /* passafariFillForm.js in Resources */ = {isa = PBXBuildFile; fileRef = 75E07C1C216E0DA700EA9CBD /* passafariFillForm.js */; };
		7511A361219B53C5008290E9 /* passafariToast.css in Resources */ = {isa = PBXBuildFile; fileRef = 7511A360219B53C5008290E9 /* passafariToast.css */; };
		7542023921A4904600124A19 /* ToolbarItemIcon.pdf in Resources */ = {isa = PBXBuildFile; fileRef = 7542023821A4904600124A19 /* ToolbarItemIcon.pdf */; };
		75494A0B218CCC7F00148925 /* ServerHandler.swift in Sources */ = {isa = PBXBuildFile; fileRef = 75494A0A218CCC7F00148925 /* ServerHandler.swift */; };
		75494A0D218CCD8000148925 /* SecureBookmarkHandler.swift in Sources */ = {isa = PBXBuildFile; fileRef = 75494A0C218CCD8000148925 /* SecureBookmarkHandler.swift */; };
		75494A0F218CCEBD00148925 /* ClientHandler.swift in Sources */ = {isa = PBXBuildFile; fileRef = 75494A0E218CCEBD00148925 /* ClientHandler.swift */; };
		754ABD1221B71DB90051AA18 /* Credits.html in Resources */ = {isa = PBXBuildFile; fileRef = 754ABD1121B71DB90051AA18 /* Credits.html */; };
		7552F4FF21B70817007C8D8C /* ReplaceSegue.swift in Sources */ = {isa = PBXBuildFile; fileRef = 7552F4F721B70817007C8D8C /* ReplaceSegue.swift */; };
		7552F50021B70817007C8D8C /* FirstRunWindow.swift in Sources */ = {isa = PBXBuildFile; fileRef = 7552F4F821B70817007C8D8C /* FirstRunWindow.swift */; };
		7552F50121B70817007C8D8C /* IntroViewController.swift in Sources */ = {isa = PBXBuildFile; fileRef = 7552F4FA21B70817007C8D8C /* IntroViewController.swift */; };
		7552F50221B70817007C8D8C /* PasswordViewController.swift in Sources */ = {isa = PBXBuildFile; fileRef = 7552F4FB21B70817007C8D8C /* PasswordViewController.swift */; };
		7552F50321B70817007C8D8C /* KeyPathViewController.swift in Sources */ = {isa = PBXBuildFile; fileRef = 7552F4FC21B70817007C8D8C /* KeyPathViewController.swift */; };
		7552F50421B70817007C8D8C /* PassPathViewController.swift in Sources */ = {isa = PBXBuildFile; fileRef = 7552F4FD21B70817007C8D8C /* PassPathViewController.swift */; };
		7552F50521B70817007C8D8C /* DoneViewController.swift in Sources */ = {isa = PBXBuildFile; fileRef = 7552F4FE21B70817007C8D8C /* DoneViewController.swift */; };
		755A16A721986EFD00F5E66B /* Helpers.swift in Sources */ = {isa = PBXBuildFile; fileRef = 755A16A621986EFD00F5E66B /* Helpers.swift */; };
		7560B42821B849CD00DF3F60 /* KeychainAccess.swift in Sources */ = {isa = PBXBuildFile; fileRef = 7560B42721B849CD00DF3F60 /* KeychainAccess.swift */; };
		7560B42A21B874AB00DF3F60 /* PassPromptViewController.swift in Sources */ = {isa = PBXBuildFile; fileRef = 7560B42921B874AB00DF3F60 /* PassPromptViewController.swift */; };
		756E0B9A2185F9DA0079B98C /* Passwordstore.swift in Sources */ = {isa = PBXBuildFile; fileRef = 756E0B992185F9DA0079B98C /* Passwordstore.swift */; };
		75E07BE0216E0D8D00EA9CBD /* AppDelegate.swift in Sources */ = {isa = PBXBuildFile; fileRef = 75E07BDF216E0D8D00EA9CBD /* AppDelegate.swift */; };
		75E07BE2216E0D8D00EA9CBD /* ViewController.swift in Sources */ = {isa = PBXBuildFile; fileRef = 75E07BE1216E0D8D00EA9CBD /* ViewController.swift */; };
		75E07BE4216E0D8E00EA9CBD /* Assets.xcassets in Resources */ = {isa = PBXBuildFile; fileRef = 75E07BE3216E0D8E00EA9CBD /* Assets.xcassets */; };
		75E07BE7216E0D8E00EA9CBD /* Main.storyboard in Resources */ = {isa = PBXBuildFile; fileRef = 75E07BE5216E0D8E00EA9CBD /* Main.storyboard */; };
		75E07C12216E0DA700EA9CBD /* Cocoa.framework in Frameworks */ = {isa = PBXBuildFile; fileRef = 75E07C11216E0DA700EA9CBD /* Cocoa.framework */; };
		75E07C15216E0DA700EA9CBD /* SafariExtensionHandler.swift in Sources */ = {isa = PBXBuildFile; fileRef = 75E07C14216E0DA700EA9CBD /* SafariExtensionHandler.swift */; };
		75E07C17216E0DA700EA9CBD /* SafariExtensionViewController.swift in Sources */ = {isa = PBXBuildFile; fileRef = 75E07C16216E0DA700EA9CBD /* SafariExtensionViewController.swift */; };
		75E07C1A216E0DA700EA9CBD /* SafariExtensionViewController.xib in Resources */ = {isa = PBXBuildFile; fileRef = 75E07C18216E0DA700EA9CBD /* SafariExtensionViewController.xib */; };
		75E07C23216E0DA700EA9CBD /* extension.appex in Embed App Extensions */ = {isa = PBXBuildFile; fileRef = 75E07C0F216E0DA700EA9CBD /* extension.appex */; settings = {ATTRIBUTES = (RemoveHeadersOnCopy, ); }; };
		F0484A129EF26443FE217EEB /* Pods_extension.framework in Frameworks */ = {isa = PBXBuildFile; fileRef = 240AF0F087A43740C93F9C98 /* Pods_extension.framework */; };
/* End PBXBuildFile section */

/* Begin PBXContainerItemProxy section */
		75E07C21216E0DA700EA9CBD /* PBXContainerItemProxy */ = {
			isa = PBXContainerItemProxy;
			containerPortal = 75E07BD4216E0D8D00EA9CBD /* Project object */;
			proxyType = 1;
			remoteGlobalIDString = 75E07C0E216E0DA700EA9CBD;
			remoteInfo = extension;
		};
/* End PBXContainerItemProxy section */

/* Begin PBXCopyFilesBuildPhase section */
		75E07C27216E0DA700EA9CBD /* Embed App Extensions */ = {
			isa = PBXCopyFilesBuildPhase;
			buildActionMask = 2147483647;
			dstPath = "";
			dstSubfolderSpec = 13;
			files = (
				75E07C23216E0DA700EA9CBD /* extension.appex in Embed App Extensions */,
			);
			name = "Embed App Extensions";
			runOnlyForDeploymentPostprocessing = 0;
		};
/* End PBXCopyFilesBuildPhase section */

/* Begin PBXFileReference section */
		1A840AB531E7B3241D43AAC4 /* Pods-passafari.debug.xcconfig */ = {isa = PBXFileReference; includeInIndex = 1; lastKnownFileType = text.xcconfig; name = "Pods-passafari.debug.xcconfig"; path = "Pods/Target Support Files/Pods-passafari/Pods-passafari.debug.xcconfig"; sourceTree = "<group>"; };
		240AF0F087A43740C93F9C98 /* Pods_extension.framework */ = {isa = PBXFileReference; explicitFileType = wrapper.framework; includeInIndex = 0; path = Pods_extension.framework; sourceTree = BUILT_PRODUCTS_DIR; };
		6558B9DFB354896D3516A9A3 /* Pods-extension.release.xcconfig */ = {isa = PBXFileReference; includeInIndex = 1; lastKnownFileType = text.xcconfig; name = "Pods-extension.release.xcconfig"; path = "Pods/Target Support Files/Pods-extension/Pods-extension.release.xcconfig"; sourceTree = "<group>"; };
		75044A5721B5BF0900A765B9 /* Helpers.swift */ = {isa = PBXFileReference; lastKnownFileType = sourcecode.swift; path = Helpers.swift; sourceTree = "<group>"; };
		7511A360219B53C5008290E9 /* passafariToast.css */ = {isa = PBXFileReference; lastKnownFileType = text.css; path = passafariToast.css; sourceTree = "<group>"; };
		7542023821A4904600124A19 /* ToolbarItemIcon.pdf */ = {isa = PBXFileReference; lastKnownFileType = image.pdf; name = ToolbarItemIcon.pdf; path = Icons/ToolbarItemIcon.pdf; sourceTree = SOURCE_ROOT; };
		75494A0A218CCC7F00148925 /* ServerHandler.swift */ = {isa = PBXFileReference; lastKnownFileType = sourcecode.swift; name = ServerHandler.swift; path = passafari/Communications/ServerHandler.swift; sourceTree = SOURCE_ROOT; };
		75494A0C218CCD8000148925 /* SecureBookmarkHandler.swift */ = {isa = PBXFileReference; lastKnownFileType = sourcecode.swift; name = SecureBookmarkHandler.swift; path = passafari/Communications/SecureBookmarkHandler.swift; sourceTree = SOURCE_ROOT; };
		75494A0E218CCEBD00148925 /* ClientHandler.swift */ = {isa = PBXFileReference; lastKnownFileType = sourcecode.swift; path = ClientHandler.swift; sourceTree = "<group>"; };
		754ABD1121B71DB90051AA18 /* Credits.html */ = {isa = PBXFileReference; fileEncoding = 4; lastKnownFileType = text.html; path = Credits.html; sourceTree = "<group>"; };
		7552F4F721B70817007C8D8C /* ReplaceSegue.swift */ = {isa = PBXFileReference; fileEncoding = 4; lastKnownFileType = sourcecode.swift; path = ReplaceSegue.swift; sourceTree = "<group>"; };
		7552F4F821B70817007C8D8C /* FirstRunWindow.swift */ = {isa = PBXFileReference; fileEncoding = 4; lastKnownFileType = sourcecode.swift; path = FirstRunWindow.swift; sourceTree = "<group>"; };
		7552F4FA21B70817007C8D8C /* IntroViewController.swift */ = {isa = PBXFileReference; fileEncoding = 4; lastKnownFileType = sourcecode.swift; path = IntroViewController.swift; sourceTree = "<group>"; };
		7552F4FB21B70817007C8D8C /* PasswordViewController.swift */ = {isa = PBXFileReference; fileEncoding = 4; lastKnownFileType = sourcecode.swift; path = PasswordViewController.swift; sourceTree = "<group>"; };
		7552F4FC21B70817007C8D8C /* KeyPathViewController.swift */ = {isa = PBXFileReference; fileEncoding = 4; lastKnownFileType = sourcecode.swift; path = KeyPathViewController.swift; sourceTree = "<group>"; };
		7552F4FD21B70817007C8D8C /* PassPathViewController.swift */ = {isa = PBXFileReference; fileEncoding = 4; lastKnownFileType = sourcecode.swift; path = PassPathViewController.swift; sourceTree = "<group>"; };
		7552F4FE21B70817007C8D8C /* DoneViewController.swift */ = {isa = PBXFileReference; fileEncoding = 4; lastKnownFileType = sourcecode.swift; path = DoneViewController.swift; sourceTree = "<group>"; };
		755A16A621986EFD00F5E66B /* Helpers.swift */ = {isa = PBXFileReference; lastKnownFileType = sourcecode.swift; path = Helpers.swift; sourceTree = "<group>"; };
		7560B42721B849CD00DF3F60 /* KeychainAccess.swift */ = {isa = PBXFileReference; lastKnownFileType = sourcecode.swift; name = KeychainAccess.swift; path = passafari/Communications/KeychainAccess.swift; sourceTree = SOURCE_ROOT; };
		7560B42921B874AB00DF3F60 /* PassPromptViewController.swift */ = {isa = PBXFileReference; lastKnownFileType = sourcecode.swift; path = PassPromptViewController.swift; sourceTree = "<group>"; };
		756E0B992185F9DA0079B98C /* Passwordstore.swift */ = {isa = PBXFileReference; lastKnownFileType = sourcecode.swift; path = Passwordstore.swift; sourceTree = "<group>"; };
		75E07BDC216E0D8D00EA9CBD /* Passafari.app */ = {isa = PBXFileReference; explicitFileType = wrapper.application; includeInIndex = 0; path = Passafari.app; sourceTree = BUILT_PRODUCTS_DIR; };
		75E07BDF216E0D8D00EA9CBD /* AppDelegate.swift */ = {isa = PBXFileReference; lastKnownFileType = sourcecode.swift; path = AppDelegate.swift; sourceTree = "<group>"; };
		75E07BE1216E0D8D00EA9CBD /* ViewController.swift */ = {isa = PBXFileReference; lastKnownFileType = sourcecode.swift; path = ViewController.swift; sourceTree = "<group>"; };
		75E07BE3216E0D8E00EA9CBD /* Assets.xcassets */ = {isa = PBXFileReference; lastKnownFileType = folder.assetcatalog; path = Assets.xcassets; sourceTree = "<group>"; };
		75E07BE6216E0D8E00EA9CBD /* Base */ = {isa = PBXFileReference; lastKnownFileType = file.storyboard; name = Base; path = Base.lproj/Main.storyboard; sourceTree = "<group>"; };
		75E07BE8216E0D8E00EA9CBD /* Info.plist */ = {isa = PBXFileReference; lastKnownFileType = text.plist.xml; path = Info.plist; sourceTree = "<group>"; };
		75E07BE9216E0D8E00EA9CBD /* passafari.entitlements */ = {isa = PBXFileReference; lastKnownFileType = text.plist.entitlements; path = passafari.entitlements; sourceTree = "<group>"; };
		75E07C0F216E0DA700EA9CBD /* extension.appex */ = {isa = PBXFileReference; explicitFileType = "wrapper.app-extension"; includeInIndex = 0; path = extension.appex; sourceTree = BUILT_PRODUCTS_DIR; };
		75E07C11216E0DA700EA9CBD /* Cocoa.framework */ = {isa = PBXFileReference; lastKnownFileType = wrapper.framework; name = Cocoa.framework; path = System/Library/Frameworks/Cocoa.framework; sourceTree = SDKROOT; };
		75E07C14216E0DA700EA9CBD /* SafariExtensionHandler.swift */ = {isa = PBXFileReference; lastKnownFileType = sourcecode.swift; path = SafariExtensionHandler.swift; sourceTree = "<group>"; };
		75E07C16216E0DA700EA9CBD /* SafariExtensionViewController.swift */ = {isa = PBXFileReference; lastKnownFileType = sourcecode.swift; path = SafariExtensionViewController.swift; sourceTree = "<group>"; };
		75E07C19216E0DA700EA9CBD /* Base */ = {isa = PBXFileReference; lastKnownFileType = file.xib; name = Base; path = Base.lproj/SafariExtensionViewController.xib; sourceTree = "<group>"; };
		75E07C1B216E0DA700EA9CBD /* Info.plist */ = {isa = PBXFileReference; lastKnownFileType = text.plist.xml; path = Info.plist; sourceTree = "<group>"; };
		75E07C1C216E0DA700EA9CBD /* passafariFillForm.js */ = {isa = PBXFileReference; lastKnownFileType = sourcecode.javascript; path = passafariFillForm.js; sourceTree = "<group>"; };
		75E07C20216E0DA700EA9CBD /* extension.entitlements */ = {isa = PBXFileReference; lastKnownFileType = text.plist.entitlements; path = extension.entitlements; sourceTree = "<group>"; };
		76283E4A3B9C707F4948815D /* Pods_passafari.framework */ = {isa = PBXFileReference; explicitFileType = wrapper.framework; includeInIndex = 0; path = Pods_passafari.framework; sourceTree = BUILT_PRODUCTS_DIR; };
		C20DD9F8E3D90907494D64BC /* Pods-passafari.release.xcconfig */ = {isa = PBXFileReference; includeInIndex = 1; lastKnownFileType = text.xcconfig; name = "Pods-passafari.release.xcconfig"; path = "Pods/Target Support Files/Pods-passafari/Pods-passafari.release.xcconfig"; sourceTree = "<group>"; };
		F6A9DBDFE609C4909F4CDD49 /* Pods-extension.debug.xcconfig */ = {isa = PBXFileReference; includeInIndex = 1; lastKnownFileType = text.xcconfig; name = "Pods-extension.debug.xcconfig"; path = "Pods/Target Support Files/Pods-extension/Pods-extension.debug.xcconfig"; sourceTree = "<group>"; };
/* End PBXFileReference section */

/* Begin PBXFrameworksBuildPhase section */
		75E07BD9216E0D8D00EA9CBD /* Frameworks */ = {
			isa = PBXFrameworksBuildPhase;
			buildActionMask = 2147483647;
			files = (
				2203114B3D56ABA66BEA480C /* Pods_passafari.framework in Frameworks */,
			);
			runOnlyForDeploymentPostprocessing = 0;
		};
		75E07C0C216E0DA700EA9CBD /* Frameworks */ = {
			isa = PBXFrameworksBuildPhase;
			buildActionMask = 2147483647;
			files = (
				75E07C12216E0DA700EA9CBD /* Cocoa.framework in Frameworks */,
				F0484A129EF26443FE217EEB /* Pods_extension.framework in Frameworks */,
			);
			runOnlyForDeploymentPostprocessing = 0;
		};
/* End PBXFrameworksBuildPhase section */

/* Begin PBXGroup section */
		7520122621B9A8B5004D2942 /* Communications */ = {
			isa = PBXGroup;
			children = (
				75494A0A218CCC7F00148925 /* ServerHandler.swift */,
				75494A0C218CCD8000148925 /* SecureBookmarkHandler.swift */,
				7560B42721B849CD00DF3F60 /* KeychainAccess.swift */,
			);
			path = Communications;
			sourceTree = "<group>";
		};
		7520122721B9A989004D2942 /* Passwordstore */ = {
			isa = PBXGroup;
			children = (
				756E0B992185F9DA0079B98C /* Passwordstore.swift */,
			);
			path = Passwordstore;
			sourceTree = "<group>";
		};
		7552F4F621B70817007C8D8C /* UI */ = {
			isa = PBXGroup;
			children = (
				7552F4F721B70817007C8D8C /* ReplaceSegue.swift */,
				7552F4F821B70817007C8D8C /* FirstRunWindow.swift */,
				7552F4F921B70817007C8D8C /* ViewControllers */,
			);
			path = UI;
			sourceTree = "<group>";
		};
		7552F4F921B70817007C8D8C /* ViewControllers */ = {
			isa = PBXGroup;
			children = (
				7552F4FA21B70817007C8D8C /* IntroViewController.swift */,
				7552F4FB21B70817007C8D8C /* PasswordViewController.swift */,
				7552F4FC21B70817007C8D8C /* KeyPathViewController.swift */,
				7552F4FD21B70817007C8D8C /* PassPathViewController.swift */,
				7552F4FE21B70817007C8D8C /* DoneViewController.swift */,
				7560B42921B874AB00DF3F60 /* PassPromptViewController.swift */,
			);
			path = ViewControllers;
			sourceTree = "<group>";
		};
		75E07BD3216E0D8D00EA9CBD = {
			isa = PBXGroup;
			children = (
				75E07BDE216E0D8D00EA9CBD /* passafari */,
				75E07C13216E0DA700EA9CBD /* extension */,
				75E07C10216E0DA700EA9CBD /* Frameworks */,
				75E07BDD216E0D8D00EA9CBD /* Products */,
				C696A25F7C8B18CC2D238782 /* Pods */,
			);
			sourceTree = "<group>";
		};
		75E07BDD216E0D8D00EA9CBD /* Products */ = {
			isa = PBXGroup;
			children = (
				75E07BDC216E0D8D00EA9CBD /* Passafari.app */,
				75E07C0F216E0DA700EA9CBD /* extension.appex */,
			);
			name = Products;
			sourceTree = "<group>";
		};
		75E07BDE216E0D8D00EA9CBD /* passafari */ = {
			isa = PBXGroup;
			children = (
				7520122721B9A989004D2942 /* Passwordstore */,
				7520122621B9A8B5004D2942 /* Communications */,
				7552F4F621B70817007C8D8C /* UI */,
				75E07BDF216E0D8D00EA9CBD /* AppDelegate.swift */,
				754ABD1121B71DB90051AA18 /* Credits.html */,
				75E07BE1216E0D8D00EA9CBD /* ViewController.swift */,
				75E07BE3216E0D8E00EA9CBD /* Assets.xcassets */,
				75E07BE5216E0D8E00EA9CBD /* Main.storyboard */,
				75E07BE8216E0D8E00EA9CBD /* Info.plist */,
				75E07BE9216E0D8E00EA9CBD /* passafari.entitlements */,
				75044A5721B5BF0900A765B9 /* Helpers.swift */,
			);
			path = passafari;
			sourceTree = "<group>";
		};
		75E07C10216E0DA700EA9CBD /* Frameworks */ = {
			isa = PBXGroup;
			children = (
				75E07C11216E0DA700EA9CBD /* Cocoa.framework */,
				240AF0F087A43740C93F9C98 /* Pods_extension.framework */,
				76283E4A3B9C707F4948815D /* Pods_passafari.framework */,
			);
			name = Frameworks;
			sourceTree = "<group>";
		};
		75E07C13216E0DA700EA9CBD /* extension */ = {
			isa = PBXGroup;
			children = (
				7542023821A4904600124A19 /* ToolbarItemIcon.pdf */,
				75E07C14216E0DA700EA9CBD /* SafariExtensionHandler.swift */,
				75E07C16216E0DA700EA9CBD /* SafariExtensionViewController.swift */,
				75E07C18216E0DA700EA9CBD /* SafariExtensionViewController.xib */,
				75E07C1B216E0DA700EA9CBD /* Info.plist */,
				75E07C1C216E0DA700EA9CBD /* passafariFillForm.js */,
				75E07C20216E0DA700EA9CBD /* extension.entitlements */,
				75494A0E218CCEBD00148925 /* ClientHandler.swift */,
				755A16A621986EFD00F5E66B /* Helpers.swift */,
				7511A360219B53C5008290E9 /* passafariToast.css */,
			);
			path = extension;
			sourceTree = "<group>";
		};
		C696A25F7C8B18CC2D238782 /* Pods */ = {
			isa = PBXGroup;
			children = (
				F6A9DBDFE609C4909F4CDD49 /* Pods-extension.debug.xcconfig */,
				6558B9DFB354896D3516A9A3 /* Pods-extension.release.xcconfig */,
				1A840AB531E7B3241D43AAC4 /* Pods-passafari.debug.xcconfig */,
				C20DD9F8E3D90907494D64BC /* Pods-passafari.release.xcconfig */,
			);
			name = Pods;
			sourceTree = "<group>";
		};
/* End PBXGroup section */

/* Begin PBXNativeTarget section */
		75E07BDB216E0D8D00EA9CBD /* passafari */ = {
			isa = PBXNativeTarget;
			buildConfigurationList = 75E07C02216E0D8E00EA9CBD /* Build configuration list for PBXNativeTarget "passafari" */;
			buildPhases = (
				936556DD654E71A4E8F60890 /* [CP] Check Pods Manifest.lock */,
				75E07BD8216E0D8D00EA9CBD /* Sources */,
				75E07BD9216E0D8D00EA9CBD /* Frameworks */,
				75E07BDA216E0D8D00EA9CBD /* Resources */,
				75E07C27216E0DA700EA9CBD /* Embed App Extensions */,
				C28CD571D3DC53380D9E09A7 /* [CP] Embed Pods Frameworks */,
			);
			buildRules = (
			);
			dependencies = (
				75E07C22216E0DA700EA9CBD /* PBXTargetDependency */,
			);
			name = passafari;
			productName = passafari;
			productReference = 75E07BDC216E0D8D00EA9CBD /* Passafari.app */;
			productType = "com.apple.product-type.application";
		};
		75E07C0E216E0DA700EA9CBD /* extension */ = {
			isa = PBXNativeTarget;
			buildConfigurationList = 75E07C24216E0DA700EA9CBD /* Build configuration list for PBXNativeTarget "extension" */;
			buildPhases = (
				C0E996CE8158048842C6AB7C /* [CP] Check Pods Manifest.lock */,
				75E07C0B216E0DA700EA9CBD /* Sources */,
				75E07C0C216E0DA700EA9CBD /* Frameworks */,
				75E07C0D216E0DA700EA9CBD /* Resources */,
			);
			buildRules = (
			);
			dependencies = (
			);
			name = extension;
			productName = extension;
			productReference = 75E07C0F216E0DA700EA9CBD /* extension.appex */;
			productType = "com.apple.product-type.app-extension";
		};
/* End PBXNativeTarget section */

/* Begin PBXProject section */
		75E07BD4216E0D8D00EA9CBD /* Project object */ = {
			isa = PBXProject;
			attributes = {
				LastSwiftUpdateCheck = 1000;
				LastUpgradeCheck = 1000;
				ORGANIZATIONNAME = "Artur Sterz";
				TargetAttributes = {
					75E07BDB216E0D8D00EA9CBD = {
						CreatedOnToolsVersion = 10.0;
						SystemCapabilities = {
							com.apple.ApplicationGroups.Mac = {
								enabled = 1;
							};
							com.apple.Keychain = {
								enabled = 0;
							};
							com.apple.Sandbox = {
								enabled = 1;
							};
						};
					};
					75E07C0E216E0DA700EA9CBD = {
						CreatedOnToolsVersion = 10.0;
						SystemCapabilities = {
							com.apple.ApplicationGroups.Mac = {
								enabled = 1;
							};
							com.apple.Sandbox = {
								enabled = 1;
							};
						};
					};
				};
			};
			buildConfigurationList = 75E07BD7216E0D8D00EA9CBD /* Build configuration list for PBXProject "passafari" */;
			compatibilityVersion = "Xcode 9.3";
			developmentRegion = en;
			hasScannedForEncodings = 0;
			knownRegions = (
				en,
				Base,
			);
			mainGroup = 75E07BD3216E0D8D00EA9CBD;
			productRefGroup = 75E07BDD216E0D8D00EA9CBD /* Products */;
			projectDirPath = "";
			projectRoot = "";
			targets = (
				75E07BDB216E0D8D00EA9CBD /* passafari */,
				75E07C0E216E0DA700EA9CBD /* extension */,
			);
		};
/* End PBXProject section */

/* Begin PBXResourcesBuildPhase section */
		75E07BDA216E0D8D00EA9CBD /* Resources */ = {
			isa = PBXResourcesBuildPhase;
			buildActionMask = 2147483647;
			files = (
				75E07BE4216E0D8E00EA9CBD /* Assets.xcassets in Resources */,
				754ABD1221B71DB90051AA18 /* Credits.html in Resources */,
				75E07BE7216E0D8E00EA9CBD /* Main.storyboard in Resources */,
			);
			runOnlyForDeploymentPostprocessing = 0;
		};
		75E07C0D216E0DA700EA9CBD /* Resources */ = {
			isa = PBXResourcesBuildPhase;
			buildActionMask = 2147483647;
			files = (
				7511A35E219B52B7008290E9 /* passafariFillForm.js in Resources */,
				75E07C1A216E0DA700EA9CBD /* SafariExtensionViewController.xib in Resources */,
				7542023921A4904600124A19 /* ToolbarItemIcon.pdf in Resources */,
				7511A361219B53C5008290E9 /* passafariToast.css in Resources */,
			);
			runOnlyForDeploymentPostprocessing = 0;
		};
/* End PBXResourcesBuildPhase section */

/* Begin PBXShellScriptBuildPhase section */
		936556DD654E71A4E8F60890 /* [CP] Check Pods Manifest.lock */ = {
			isa = PBXShellScriptBuildPhase;
			buildActionMask = 2147483647;
			files = (
			);
			inputFileListPaths = (
			);
			inputPaths = (
				"${PODS_PODFILE_DIR_PATH}/Podfile.lock",
				"${PODS_ROOT}/Manifest.lock",
			);
			name = "[CP] Check Pods Manifest.lock";
			outputFileListPaths = (
			);
			outputPaths = (
				"$(DERIVED_FILE_DIR)/Pods-passafari-checkManifestLockResult.txt",
			);
			runOnlyForDeploymentPostprocessing = 0;
			shellPath = /bin/sh;
			shellScript = "diff \"${PODS_PODFILE_DIR_PATH}/Podfile.lock\" \"${PODS_ROOT}/Manifest.lock\" > /dev/null\nif [ $? != 0 ] ; then\n    # print error to STDERR\n    echo \"error: The sandbox is not in sync with the Podfile.lock. Run 'pod install' or update your CocoaPods installation.\" >&2\n    exit 1\nfi\n# This output is used by Xcode 'outputs' to avoid re-running this script phase.\necho \"SUCCESS\" > \"${SCRIPT_OUTPUT_FILE_0}\"\n";
			showEnvVarsInLog = 0;
		};
		C0E996CE8158048842C6AB7C /* [CP] Check Pods Manifest.lock */ = {
			isa = PBXShellScriptBuildPhase;
			buildActionMask = 2147483647;
			files = (
			);
			inputFileListPaths = (
			);
			inputPaths = (
				"${PODS_PODFILE_DIR_PATH}/Podfile.lock",
				"${PODS_ROOT}/Manifest.lock",
			);
			name = "[CP] Check Pods Manifest.lock";
			outputFileListPaths = (
			);
			outputPaths = (
				"$(DERIVED_FILE_DIR)/Pods-extension-checkManifestLockResult.txt",
			);
			runOnlyForDeploymentPostprocessing = 0;
			shellPath = /bin/sh;
			shellScript = "diff \"${PODS_PODFILE_DIR_PATH}/Podfile.lock\" \"${PODS_ROOT}/Manifest.lock\" > /dev/null\nif [ $? != 0 ] ; then\n    # print error to STDERR\n    echo \"error: The sandbox is not in sync with the Podfile.lock. Run 'pod install' or update your CocoaPods installation.\" >&2\n    exit 1\nfi\n# This output is used by Xcode 'outputs' to avoid re-running this script phase.\necho \"SUCCESS\" > \"${SCRIPT_OUTPUT_FILE_0}\"\n";
			showEnvVarsInLog = 0;
		};
		C28CD571D3DC53380D9E09A7 /* [CP] Embed Pods Frameworks */ = {
			isa = PBXShellScriptBuildPhase;
			buildActionMask = 2147483647;
			files = (
			);
			inputFileListPaths = (
			);
			inputPaths = (
				"${SRCROOT}/Pods/Target Support Files/Pods-passafari/Pods-passafari-frameworks.sh",
				"${PODS_ROOT}/ObjectivePGP/Frameworks/macosx/ObjectivePGP.framework",
				"${PODS_ROOT}/ObjectivePGP/Frameworks/macosx/ObjectivePGP.framework.dSYM",
			);
			name = "[CP] Embed Pods Frameworks";
			outputFileListPaths = (
			);
			outputPaths = (
				"${TARGET_BUILD_DIR}/${FRAMEWORKS_FOLDER_PATH}/ObjectivePGP.framework",
				"${DWARF_DSYM_FOLDER_PATH}/ObjectivePGP.framework.dSYM",
			);
			runOnlyForDeploymentPostprocessing = 0;
			shellPath = /bin/sh;
			shellScript = "\"${SRCROOT}/Pods/Target Support Files/Pods-passafari/Pods-passafari-frameworks.sh\"\n";
			showEnvVarsInLog = 0;
		};
/* End PBXShellScriptBuildPhase section */

/* Begin PBXSourcesBuildPhase section */
		75E07BD8216E0D8D00EA9CBD /* Sources */ = {
			isa = PBXSourcesBuildPhase;
			buildActionMask = 2147483647;
			files = (
				7552F50521B70817007C8D8C /* DoneViewController.swift in Sources */,
				75494A0B218CCC7F00148925 /* ServerHandler.swift in Sources */,
				75494A0D218CCD8000148925 /* SecureBookmarkHandler.swift in Sources */,
				7552F4FF21B70817007C8D8C /* ReplaceSegue.swift in Sources */,
				7552F50321B70817007C8D8C /* KeyPathViewController.swift in Sources */,
				7552F50221B70817007C8D8C /* PasswordViewController.swift in Sources */,
				7552F50421B70817007C8D8C /* PassPathViewController.swift in Sources */,
				7552F50021B70817007C8D8C /* FirstRunWindow.swift in Sources */,
				7560B42A21B874AB00DF3F60 /* PassPromptViewController.swift in Sources */,
				75044A5821B5BF0900A765B9 /* Helpers.swift in Sources */,
				7552F50121B70817007C8D8C /* IntroViewController.swift in Sources */,
				75E07BE2216E0D8D00EA9CBD /* ViewController.swift in Sources */,
				75E07BE0216E0D8D00EA9CBD /* AppDelegate.swift in Sources */,
				756E0B9A2185F9DA0079B98C /* Passwordstore.swift in Sources */,
				7560B42821B849CD00DF3F60 /* KeychainAccess.swift in Sources */,
			);
			runOnlyForDeploymentPostprocessing = 0;
		};
		75E07C0B216E0DA700EA9CBD /* Sources */ = {
			isa = PBXSourcesBuildPhase;
			buildActionMask = 2147483647;
			files = (
				75E07C17216E0DA700EA9CBD /* SafariExtensionViewController.swift in Sources */,
				75494A0F218CCEBD00148925 /* ClientHandler.swift in Sources */,
				75E07C15216E0DA700EA9CBD /* SafariExtensionHandler.swift in Sources */,
				755A16A721986EFD00F5E66B /* Helpers.swift in Sources */,
			);
			runOnlyForDeploymentPostprocessing = 0;
		};
/* End PBXSourcesBuildPhase section */

/* Begin PBXTargetDependency section */
		75E07C22216E0DA700EA9CBD /* PBXTargetDependency */ = {
			isa = PBXTargetDependency;
			target = 75E07C0E216E0DA700EA9CBD /* extension */;
			targetProxy = 75E07C21216E0DA700EA9CBD /* PBXContainerItemProxy */;
		};
/* End PBXTargetDependency section */

/* Begin PBXVariantGroup section */
		75E07BE5216E0D8E00EA9CBD /* Main.storyboard */ = {
			isa = PBXVariantGroup;
			children = (
				75E07BE6216E0D8E00EA9CBD /* Base */,
			);
			name = Main.storyboard;
			sourceTree = "<group>";
		};
		75E07C18216E0DA700EA9CBD /* SafariExtensionViewController.xib */ = {
			isa = PBXVariantGroup;
			children = (
				75E07C19216E0DA700EA9CBD /* Base */,
			);
			name = SafariExtensionViewController.xib;
			sourceTree = "<group>";
		};
/* End PBXVariantGroup section */

/* Begin XCBuildConfiguration section */
		75E07C00216E0D8E00EA9CBD /* Debug */ = {
			isa = XCBuildConfiguration;
			buildSettings = {
				ALWAYS_SEARCH_USER_PATHS = NO;
				CLANG_ANALYZER_NONNULL = YES;
				CLANG_ANALYZER_NUMBER_OBJECT_CONVERSION = YES_AGGRESSIVE;
				CLANG_CXX_LANGUAGE_STANDARD = "gnu++14";
				CLANG_CXX_LIBRARY = "libc++";
				CLANG_ENABLE_MODULES = YES;
				CLANG_ENABLE_OBJC_ARC = YES;
				CLANG_ENABLE_OBJC_WEAK = YES;
				CLANG_WARN_BLOCK_CAPTURE_AUTORELEASING = YES;
				CLANG_WARN_BOOL_CONVERSION = YES;
				CLANG_WARN_COMMA = YES;
				CLANG_WARN_CONSTANT_CONVERSION = YES;
				CLANG_WARN_DEPRECATED_OBJC_IMPLEMENTATIONS = YES;
				CLANG_WARN_DIRECT_OBJC_ISA_USAGE = YES_ERROR;
				CLANG_WARN_DOCUMENTATION_COMMENTS = YES;
				CLANG_WARN_EMPTY_BODY = YES;
				CLANG_WARN_ENUM_CONVERSION = YES;
				CLANG_WARN_INFINITE_RECURSION = YES;
				CLANG_WARN_INT_CONVERSION = YES;
				CLANG_WARN_NON_LITERAL_NULL_CONVERSION = YES;
				CLANG_WARN_OBJC_IMPLICIT_RETAIN_SELF = YES;
				CLANG_WARN_OBJC_LITERAL_CONVERSION = YES;
				CLANG_WARN_OBJC_ROOT_CLASS = YES_ERROR;
				CLANG_WARN_RANGE_LOOP_ANALYSIS = YES;
				CLANG_WARN_STRICT_PROTOTYPES = YES;
				CLANG_WARN_SUSPICIOUS_MOVE = YES;
				CLANG_WARN_UNGUARDED_AVAILABILITY = YES_AGGRESSIVE;
				CLANG_WARN_UNREACHABLE_CODE = YES;
				CLANG_WARN__DUPLICATE_METHOD_MATCH = YES;
				CODE_SIGN_IDENTITY = "Mac Developer";
				COPY_PHASE_STRIP = NO;
				DEBUG_INFORMATION_FORMAT = dwarf;
				ENABLE_STRICT_OBJC_MSGSEND = YES;
				ENABLE_TESTABILITY = YES;
				GCC_C_LANGUAGE_STANDARD = gnu11;
				GCC_DYNAMIC_NO_PIC = NO;
				GCC_NO_COMMON_BLOCKS = YES;
				GCC_OPTIMIZATION_LEVEL = 0;
				GCC_PREPROCESSOR_DEFINITIONS = (
					"DEBUG=1",
					"$(inherited)",
				);
				GCC_WARN_64_TO_32_BIT_CONVERSION = YES;
				GCC_WARN_ABOUT_RETURN_TYPE = YES_ERROR;
				GCC_WARN_UNDECLARED_SELECTOR = YES;
				GCC_WARN_UNINITIALIZED_AUTOS = YES_AGGRESSIVE;
				GCC_WARN_UNUSED_FUNCTION = YES;
				GCC_WARN_UNUSED_VARIABLE = YES;
				MACOSX_DEPLOYMENT_TARGET = 10.14;
				MTL_ENABLE_DEBUG_INFO = INCLUDE_SOURCE;
				MTL_FAST_MATH = YES;
				ONLY_ACTIVE_ARCH = YES;
				SDKROOT = macosx;
				SWIFT_ACTIVE_COMPILATION_CONDITIONS = DEBUG;
				SWIFT_OPTIMIZATION_LEVEL = "-Onone";
			};
			name = Debug;
		};
		75E07C01216E0D8E00EA9CBD /* Release */ = {
			isa = XCBuildConfiguration;
			buildSettings = {
				ALWAYS_SEARCH_USER_PATHS = NO;
				CLANG_ANALYZER_NONNULL = YES;
				CLANG_ANALYZER_NUMBER_OBJECT_CONVERSION = YES_AGGRESSIVE;
				CLANG_CXX_LANGUAGE_STANDARD = "gnu++14";
				CLANG_CXX_LIBRARY = "libc++";
				CLANG_ENABLE_MODULES = YES;
				CLANG_ENABLE_OBJC_ARC = YES;
				CLANG_ENABLE_OBJC_WEAK = YES;
				CLANG_WARN_BLOCK_CAPTURE_AUTORELEASING = YES;
				CLANG_WARN_BOOL_CONVERSION = YES;
				CLANG_WARN_COMMA = YES;
				CLANG_WARN_CONSTANT_CONVERSION = YES;
				CLANG_WARN_DEPRECATED_OBJC_IMPLEMENTATIONS = YES;
				CLANG_WARN_DIRECT_OBJC_ISA_USAGE = YES_ERROR;
				CLANG_WARN_DOCUMENTATION_COMMENTS = YES;
				CLANG_WARN_EMPTY_BODY = YES;
				CLANG_WARN_ENUM_CONVERSION = YES;
				CLANG_WARN_INFINITE_RECURSION = YES;
				CLANG_WARN_INT_CONVERSION = YES;
				CLANG_WARN_NON_LITERAL_NULL_CONVERSION = YES;
				CLANG_WARN_OBJC_IMPLICIT_RETAIN_SELF = YES;
				CLANG_WARN_OBJC_LITERAL_CONVERSION = YES;
				CLANG_WARN_OBJC_ROOT_CLASS = YES_ERROR;
				CLANG_WARN_RANGE_LOOP_ANALYSIS = YES;
				CLANG_WARN_STRICT_PROTOTYPES = YES;
				CLANG_WARN_SUSPICIOUS_MOVE = YES;
				CLANG_WARN_UNGUARDED_AVAILABILITY = YES_AGGRESSIVE;
				CLANG_WARN_UNREACHABLE_CODE = YES;
				CLANG_WARN__DUPLICATE_METHOD_MATCH = YES;
				CODE_SIGN_IDENTITY = "Mac Developer";
				COPY_PHASE_STRIP = NO;
				DEBUG_INFORMATION_FORMAT = "dwarf-with-dsym";
				ENABLE_NS_ASSERTIONS = NO;
				ENABLE_STRICT_OBJC_MSGSEND = YES;
				GCC_C_LANGUAGE_STANDARD = gnu11;
				GCC_NO_COMMON_BLOCKS = YES;
				GCC_WARN_64_TO_32_BIT_CONVERSION = YES;
				GCC_WARN_ABOUT_RETURN_TYPE = YES_ERROR;
				GCC_WARN_UNDECLARED_SELECTOR = YES;
				GCC_WARN_UNINITIALIZED_AUTOS = YES_AGGRESSIVE;
				GCC_WARN_UNUSED_FUNCTION = YES;
				GCC_WARN_UNUSED_VARIABLE = YES;
				MACOSX_DEPLOYMENT_TARGET = 10.14;
				MTL_ENABLE_DEBUG_INFO = NO;
				MTL_FAST_MATH = YES;
				SDKROOT = macosx;
				SWIFT_COMPILATION_MODE = wholemodule;
				SWIFT_OPTIMIZATION_LEVEL = "-O";
			};
			name = Release;
		};
		75E07C03216E0D8E00EA9CBD /* Debug */ = {
			isa = XCBuildConfiguration;
			baseConfigurationReference = 1A840AB531E7B3241D43AAC4 /* Pods-passafari.debug.xcconfig */;
			buildSettings = {
				ALWAYS_EMBED_SWIFT_STANDARD_LIBRARIES = YES;
				ASSETCATALOG_COMPILER_APPICON_NAME = AppIcon;
				CODE_SIGN_ENTITLEMENTS = passafari/passafari.entitlements;
				CODE_SIGN_IDENTITY = "Mac Developer";
				CODE_SIGN_STYLE = Manual;
				COMBINE_HIDPI_IMAGES = YES;
				DEVELOPMENT_TEAM = BR355MFMD5;
				INFOPLIST_FILE = passafari/Info.plist;
				LD_RUNPATH_SEARCH_PATHS = (
					"$(inherited)",
					"@executable_path/../Frameworks",
				);
				PRODUCT_BUNDLE_IDENTIFIER = de.artursterz.passafari;
				PRODUCT_NAME = Passafari;
				PROVISIONING_PROFILE_SPECIFIER = "";
				SWIFT_VERSION = 4.2;
			};
			name = Debug;
		};
		75E07C04216E0D8E00EA9CBD /* Release */ = {
			isa = XCBuildConfiguration;
			baseConfigurationReference = C20DD9F8E3D90907494D64BC /* Pods-passafari.release.xcconfig */;
			buildSettings = {
				ALWAYS_EMBED_SWIFT_STANDARD_LIBRARIES = YES;
				ASSETCATALOG_COMPILER_APPICON_NAME = AppIcon;
				CODE_SIGN_ENTITLEMENTS = passafari/passafari.entitlements;
				CODE_SIGN_IDENTITY = "3rd Party Mac Developer Application";
				CODE_SIGN_STYLE = Manual;
				COMBINE_HIDPI_IMAGES = YES;
				DEVELOPMENT_TEAM = BR355MFMD5;
				INFOPLIST_FILE = passafari/Info.plist;
				LD_RUNPATH_SEARCH_PATHS = (
					"$(inherited)",
					"@executable_path/../Frameworks",
				);
				PRODUCT_BUNDLE_IDENTIFIER = de.artursterz.passafari;
				PRODUCT_NAME = Passafari;
				PROVISIONING_PROFILE_SPECIFIER = "";
				SWIFT_VERSION = 4.2;
			};
			name = Release;
		};
		75E07C25216E0DA700EA9CBD /* Debug */ = {
			isa = XCBuildConfiguration;
			baseConfigurationReference = F6A9DBDFE609C4909F4CDD49 /* Pods-extension.debug.xcconfig */;
			buildSettings = {
				CODE_SIGN_ENTITLEMENTS = extension/extension.entitlements;
				CODE_SIGN_IDENTITY = "Mac Developer";
				CODE_SIGN_STYLE = Manual;
				DEVELOPMENT_TEAM = BR355MFMD5;
				INFOPLIST_FILE = extension/Info.plist;
				LD_RUNPATH_SEARCH_PATHS = (
					"$(inherited)",
					"@executable_path/../Frameworks",
					"@executable_path/../../../../Frameworks",
				);
				PRODUCT_BUNDLE_IDENTIFIER = de.artursterz.passafari.extension;
				PRODUCT_NAME = "$(TARGET_NAME)";
				PROVISIONING_PROFILE_SPECIFIER = "";
				SKIP_INSTALL = YES;
				SWIFT_VERSION = 4.2;
			};
			name = Debug;
		};
		75E07C26216E0DA700EA9CBD /* Release */ = {
			isa = XCBuildConfiguration;
			baseConfigurationReference = 6558B9DFB354896D3516A9A3 /* Pods-extension.release.xcconfig */;
			buildSettings = {
				CODE_SIGN_ENTITLEMENTS = extension/extension.entitlements;
				CODE_SIGN_IDENTITY = "3rd Party Mac Developer Application";
				CODE_SIGN_STYLE = Manual;
				DEVELOPMENT_TEAM = BR355MFMD5;
				INFOPLIST_FILE = extension/Info.plist;
				LD_RUNPATH_SEARCH_PATHS = (
					"$(inherited)",
					"@executable_path/../Frameworks",
					"@executable_path/../../../../Frameworks",
				);
				PRODUCT_BUNDLE_IDENTIFIER = de.artursterz.passafari.extension;
				PRODUCT_NAME = "$(TARGET_NAME)";
				PROVISIONING_PROFILE_SPECIFIER = "";
				SKIP_INSTALL = YES;
				SWIFT_VERSION = 4.2;
			};
			name = Release;
		};
/* End XCBuildConfiguration section */

/* Begin XCConfigurationList section */
		75E07BD7216E0D8D00EA9CBD /* Build configuration list for PBXProject "passafari" */ = {
			isa = XCConfigurationList;
			buildConfigurations = (
				75E07C00216E0D8E00EA9CBD /* Debug */,
				75E07C01216E0D8E00EA9CBD /* Release */,
			);
			defaultConfigurationIsVisible = 0;
			defaultConfigurationName = Release;
		};
		75E07C02216E0D8E00EA9CBD /* Build configuration list for PBXNativeTarget "passafari" */ = {
			isa = XCConfigurationList;
			buildConfigurations = (
				75E07C03216E0D8E00EA9CBD /* Debug */,
				75E07C04216E0D8E00EA9CBD /* Release */,
			);
			defaultConfigurationIsVisible = 0;
			defaultConfigurationName = Release;
		};
		75E07C24216E0DA700EA9CBD /* Build configuration list for PBXNativeTarget "extension" */ = {
			isa = XCConfigurationList;
			buildConfigurations = (
				75E07C25216E0DA700EA9CBD /* Debug */,
				75E07C26216E0DA700EA9CBD /* Release */,
			);
			defaultConfigurationIsVisible = 0;
			defaultConfigurationName = Release;
		};
/* End XCConfigurationList section */
	};
	rootObject = 75E07BD4216E0D8D00EA9CBD /* Project object */;
}
