// !$*UTF8*$!
{
	archiveVersion = 1;
	classes = {
	};
	objectVersion = 52;
	objects = {

/* Begin PBXBuildFile section */
		7511A35E219B52B7008290E9 /* passformacosFillForm.js in Resources */ = {isa = PBXBuildFile; fileRef = 75E07C1C216E0DA700EA9CBD /* passformacosFillForm.js */; };
		7511A361219B53C5008290E9 /* passformacosToast.css in Resources */ = {isa = PBXBuildFile; fileRef = 7511A360219B53C5008290E9 /* passformacosToast.css */; };
		7540890F25BB3F4500CC8A8A /* Shortcut.swift in Sources */ = {isa = PBXBuildFile; fileRef = 7540890E25BB3F4500CC8A8A /* Shortcut.swift */; };
		7540891525BD788900CC8A8A /* Preferences in Frameworks */ = {isa = PBXBuildFile; productRef = 7540891425BD788900CC8A8A /* Preferences */; };
		7540891825BD796C00CC8A8A /* Preferences.swift in Sources */ = {isa = PBXBuildFile; fileRef = 7540891725BD796C00CC8A8A /* Preferences.swift */; };
		7540891B25BD79B200CC8A8A /* GeneralPreferencesViewController.swift in Sources */ = {isa = PBXBuildFile; fileRef = 7540891A25BD79B200CC8A8A /* GeneralPreferencesViewController.swift */; };
		7540891E25BD7A8000CC8A8A /* UpdatePreferencesViewController.swift in Sources */ = {isa = PBXBuildFile; fileRef = 7540891D25BD7A8000CC8A8A /* UpdatePreferencesViewController.swift */; };
		7540892125BD7EEB00CC8A8A /* GeneralPreferencesView.xib in Resources */ = {isa = PBXBuildFile; fileRef = 7540892025BD7EEB00CC8A8A /* GeneralPreferencesView.xib */; };
		7540892425BD811500CC8A8A /* UpdatePreferencesView.xib in Resources */ = {isa = PBXBuildFile; fileRef = 7540892325BD811500CC8A8A /* UpdatePreferencesView.xib */; };
		7542023921A4904600124A19 /* ToolbarItemIcon.pdf in Resources */ = {isa = PBXBuildFile; fileRef = 7542023821A4904600124A19 /* ToolbarItemIcon.pdf */; };
		75494A0B218CCC7F00148925 /* ServerHandler.swift in Sources */ = {isa = PBXBuildFile; fileRef = 75494A0A218CCC7F00148925 /* ServerHandler.swift */; };
		75494A0F218CCEBD00148925 /* ClientHandler.swift in Sources */ = {isa = PBXBuildFile; fileRef = 75494A0E218CCEBD00148925 /* ClientHandler.swift */; };
		756E0B9A2185F9DA0079B98C /* Passwordstore.swift in Sources */ = {isa = PBXBuildFile; fileRef = 756E0B992185F9DA0079B98C /* Passwordstore.swift */; };
		758C54892597928A0061F239 /* Sparkle.framework in Frameworks */ = {isa = PBXBuildFile; fileRef = 758C5486259791E80061F239 /* Sparkle.framework */; };
		758C548A2597928A0061F239 /* Sparkle.framework in CopyFiles */ = {isa = PBXBuildFile; fileRef = 758C5486259791E80061F239 /* Sparkle.framework */; settings = {ATTRIBUTES = (CodeSignOnCopy, RemoveHeadersOnCopy, ); }; };
		75E07BE0216E0D8D00EA9CBD /* AppDelegate.swift in Sources */ = {isa = PBXBuildFile; fileRef = 75E07BDF216E0D8D00EA9CBD /* AppDelegate.swift */; };
		75E07BE2216E0D8D00EA9CBD /* ViewController.swift in Sources */ = {isa = PBXBuildFile; fileRef = 75E07BE1216E0D8D00EA9CBD /* ViewController.swift */; };
		75E07BE4216E0D8E00EA9CBD /* Assets.xcassets in Resources */ = {isa = PBXBuildFile; fileRef = 75E07BE3216E0D8E00EA9CBD /* Assets.xcassets */; };
		75E07BE7216E0D8E00EA9CBD /* Main.storyboard in Resources */ = {isa = PBXBuildFile; fileRef = 75E07BE5216E0D8E00EA9CBD /* Main.storyboard */; };
		75E07C12216E0DA700EA9CBD /* Cocoa.framework in Frameworks */ = {isa = PBXBuildFile; fileRef = 75E07C11216E0DA700EA9CBD /* Cocoa.framework */; };
		75E07C15216E0DA700EA9CBD /* SafariExtensionHandler.swift in Sources */ = {isa = PBXBuildFile; fileRef = 75E07C14216E0DA700EA9CBD /* SafariExtensionHandler.swift */; };
		75E07C17216E0DA700EA9CBD /* SafariExtensionViewController.swift in Sources */ = {isa = PBXBuildFile; fileRef = 75E07C16216E0DA700EA9CBD /* SafariExtensionViewController.swift */; };
		75E07C1A216E0DA700EA9CBD /* SafariExtensionViewController.xib in Resources */ = {isa = PBXBuildFile; fileRef = 75E07C18216E0DA700EA9CBD /* SafariExtensionViewController.xib */; };
		75E07C23216E0DA700EA9CBD /* extension.appex in Embed App Extensions */ = {isa = PBXBuildFile; fileRef = 75E07C0F216E0DA700EA9CBD /* extension.appex */; settings = {ATTRIBUTES = (RemoveHeadersOnCopy, ); }; };
		75E72FEC25E6241E00C914B4 /* KeyboardShortcuts in Frameworks */ = {isa = PBXBuildFile; productRef = 75E72FEB25E6241E00C914B4 /* KeyboardShortcuts */; };
/* End PBXBuildFile section */

/* Begin PBXContainerItemProxy section */
		75E07C21216E0DA700EA9CBD /* PBXContainerItemProxy */ = {
			isa = PBXContainerItemProxy;
			containerPortal = 75E07BD4216E0D8D00EA9CBD /* Project object */;
			proxyType = 1;
			remoteGlobalIDString = 75E07C0E216E0DA700EA9CBD;
			remoteInfo = extension;
		};
/* End PBXContainerItemProxy section */

/* Begin PBXCopyFilesBuildPhase section */
		75B908B1244367EB005DBEEC /* CopyFiles */ = {
			isa = PBXCopyFilesBuildPhase;
			buildActionMask = 2147483647;
			dstPath = "";
			dstSubfolderSpec = 10;
			files = (
				758C548A2597928A0061F239 /* Sparkle.framework in CopyFiles */,
			);
			runOnlyForDeploymentPostprocessing = 0;
		};
		75E07C27216E0DA700EA9CBD /* Embed App Extensions */ = {
			isa = PBXCopyFilesBuildPhase;
			buildActionMask = 2147483647;
			dstPath = "";
			dstSubfolderSpec = 13;
			files = (
				75E07C23216E0DA700EA9CBD /* extension.appex in Embed App Extensions */,
			);
			name = "Embed App Extensions";
			runOnlyForDeploymentPostprocessing = 0;
		};
/* End PBXCopyFilesBuildPhase section */

/* Begin PBXFileReference section */
		7511A360219B53C5008290E9 /* passformacosToast.css */ = {isa = PBXFileReference; lastKnownFileType = text.css; path = passformacosToast.css; sourceTree = "<group>"; };
		7540890E25BB3F4500CC8A8A /* Shortcut.swift */ = {isa = PBXFileReference; lastKnownFileType = sourcecode.swift; path = Shortcut.swift; sourceTree = "<group>"; };
		7540891725BD796C00CC8A8A /* Preferences.swift */ = {isa = PBXFileReference; lastKnownFileType = sourcecode.swift; path = Preferences.swift; sourceTree = "<group>"; };
		7540891A25BD79B200CC8A8A /* GeneralPreferencesViewController.swift */ = {isa = PBXFileReference; lastKnownFileType = sourcecode.swift; path = GeneralPreferencesViewController.swift; sourceTree = "<group>"; };
		7540891D25BD7A8000CC8A8A /* UpdatePreferencesViewController.swift */ = {isa = PBXFileReference; lastKnownFileType = sourcecode.swift; path = UpdatePreferencesViewController.swift; sourceTree = "<group>"; };
		7540892025BD7EEB00CC8A8A /* GeneralPreferencesView.xib */ = {isa = PBXFileReference; lastKnownFileType = file.xib; path = GeneralPreferencesView.xib; sourceTree = "<group>"; };
		7540892325BD811500CC8A8A /* UpdatePreferencesView.xib */ = {isa = PBXFileReference; lastKnownFileType = file.xib; path = UpdatePreferencesView.xib; sourceTree = "<group>"; };
		7542023821A4904600124A19 /* ToolbarItemIcon.pdf */ = {isa = PBXFileReference; lastKnownFileType = image.pdf; name = ToolbarItemIcon.pdf; path = Icons/ToolbarItemIcon.pdf; sourceTree = SOURCE_ROOT; };
		75494A0A218CCC7F00148925 /* ServerHandler.swift */ = {isa = PBXFileReference; lastKnownFileType = sourcecode.swift; name = ServerHandler.swift; path = passformacos/ServerHandler.swift; sourceTree = SOURCE_ROOT; };
		75494A0E218CCEBD00148925 /* ClientHandler.swift */ = {isa = PBXFileReference; lastKnownFileType = sourcecode.swift; path = ClientHandler.swift; sourceTree = "<group>"; };
		756E0B992185F9DA0079B98C /* Passwordstore.swift */ = {isa = PBXFileReference; lastKnownFileType = sourcecode.swift; path = Passwordstore.swift; sourceTree = "<group>"; };
		758C5486259791E80061F239 /* Sparkle.framework */ = {isa = PBXFileReference; lastKnownFileType = wrapper.framework; path = Sparkle.framework; sourceTree = "<group>"; };
		75E07BDC216E0D8D00EA9CBD /* Pass for macOS.app */ = {isa = PBXFileReference; explicitFileType = wrapper.application; includeInIndex = 0; path = "Pass for macOS.app"; sourceTree = BUILT_PRODUCTS_DIR; };
		75E07BDF216E0D8D00EA9CBD /* AppDelegate.swift */ = {isa = PBXFileReference; lastKnownFileType = sourcecode.swift; path = AppDelegate.swift; sourceTree = "<group>"; };
		75E07BE1216E0D8D00EA9CBD /* ViewController.swift */ = {isa = PBXFileReference; lastKnownFileType = sourcecode.swift; path = ViewController.swift; sourceTree = "<group>"; };
		75E07BE3216E0D8E00EA9CBD /* Assets.xcassets */ = {isa = PBXFileReference; lastKnownFileType = folder.assetcatalog; path = Assets.xcassets; sourceTree = "<group>"; };
		75E07BE6216E0D8E00EA9CBD /* Base */ = {isa = PBXFileReference; lastKnownFileType = file.storyboard; name = Base; path = Base.lproj/Main.storyboard; sourceTree = "<group>"; };
		75E07BE8216E0D8E00EA9CBD /* Info.plist */ = {isa = PBXFileReference; lastKnownFileType = text.plist.xml; path = Info.plist; sourceTree = "<group>"; };
		75E07BE9216E0D8E00EA9CBD /* passformacos.entitlements */ = {isa = PBXFileReference; lastKnownFileType = text.plist.entitlements; path = passformacos.entitlements; sourceTree = "<group>"; };
		75E07C0F216E0DA700EA9CBD /* extension.appex */ = {isa = PBXFileReference; explicitFileType = "wrapper.app-extension"; includeInIndex = 0; path = extension.appex; sourceTree = BUILT_PRODUCTS_DIR; };
		75E07C11216E0DA700EA9CBD /* Cocoa.framework */ = {isa = PBXFileReference; lastKnownFileType = wrapper.framework; name = Cocoa.framework; path = System/Library/Frameworks/Cocoa.framework; sourceTree = SDKROOT; };
		75E07C14216E0DA700EA9CBD /* SafariExtensionHandler.swift */ = {isa = PBXFileReference; lastKnownFileType = sourcecode.swift; path = SafariExtensionHandler.swift; sourceTree = "<group>"; };
		75E07C16216E0DA700EA9CBD /* SafariExtensionViewController.swift */ = {isa = PBXFileReference; lastKnownFileType = sourcecode.swift; path = SafariExtensionViewController.swift; sourceTree = "<group>"; };
		75E07C19216E0DA700EA9CBD /* Base */ = {isa = PBXFileReference; lastKnownFileType = file.xib; name = Base; path = Base.lproj/SafariExtensionViewController.xib; sourceTree = "<group>"; };
		75E07C1B216E0DA700EA9CBD /* Info.plist */ = {isa = PBXFileReference; lastKnownFileType = text.plist.xml; path = Info.plist; sourceTree = "<group>"; };
		75E07C1C216E0DA700EA9CBD /* passformacosFillForm.js */ = {isa = PBXFileReference; lastKnownFileType = sourcecode.javascript; path = passformacosFillForm.js; sourceTree = "<group>"; };
		75E07C20216E0DA700EA9CBD /* extension.entitlements */ = {isa = PBXFileReference; lastKnownFileType = text.plist.entitlements; path = extension.entitlements; sourceTree = "<group>"; };
/* End PBXFileReference section */

/* Begin PBXFrameworksBuildPhase section */
		75E07BD9216E0D8D00EA9CBD /* Frameworks */ = {
			isa = PBXFrameworksBuildPhase;
			buildActionMask = 2147483647;
			files = (
				758C54892597928A0061F239 /* Sparkle.framework in Frameworks */,
				7540891525BD788900CC8A8A /* Preferences in Frameworks */,
				75E72FEC25E6241E00C914B4 /* KeyboardShortcuts in Frameworks */,
			);
			runOnlyForDeploymentPostprocessing = 0;
		};
		75E07C0C216E0DA700EA9CBD /* Frameworks */ = {
			isa = PBXFrameworksBuildPhase;
			buildActionMask = 2147483647;
			files = (
				75E07C12216E0DA700EA9CBD /* Cocoa.framework in Frameworks */,
			);
			runOnlyForDeploymentPostprocessing = 0;
		};
/* End PBXFrameworksBuildPhase section */

/* Begin PBXGroup section */
		75E07BD3216E0D8D00EA9CBD = {
			isa = PBXGroup;
			children = (
				75E07BDE216E0D8D00EA9CBD /* passformacos */,
				75E07C13216E0DA700EA9CBD /* extension */,
				75E07C10216E0DA700EA9CBD /* Frameworks */,
				75E07BDD216E0D8D00EA9CBD /* Products */,
			);
			sourceTree = "<group>";
		};
		75E07BDD216E0D8D00EA9CBD /* Products */ = {
			isa = PBXGroup;
			children = (
				75E07BDC216E0D8D00EA9CBD /* Pass for macOS.app */,
				75E07C0F216E0DA700EA9CBD /* extension.appex */,
			);
			name = Products;
			sourceTree = "<group>";
		};
		75E07BDE216E0D8D00EA9CBD /* passformacos */ = {
			isa = PBXGroup;
			children = (
				75494A0A218CCC7F00148925 /* ServerHandler.swift */,
				756E0B992185F9DA0079B98C /* Passwordstore.swift */,
				75E07BDF216E0D8D00EA9CBD /* AppDelegate.swift */,
				75E07BE1216E0D8D00EA9CBD /* ViewController.swift */,
				75E07BE3216E0D8E00EA9CBD /* Assets.xcassets */,
				75E07BE5216E0D8E00EA9CBD /* Main.storyboard */,
				75E07BE8216E0D8E00EA9CBD /* Info.plist */,
				75E07BE9216E0D8E00EA9CBD /* passformacos.entitlements */,
				7540890E25BB3F4500CC8A8A /* Shortcut.swift */,
				7540891725BD796C00CC8A8A /* Preferences.swift */,
				7540891A25BD79B200CC8A8A /* GeneralPreferencesViewController.swift */,
				7540892025BD7EEB00CC8A8A /* GeneralPreferencesView.xib */,
				7540891D25BD7A8000CC8A8A /* UpdatePreferencesViewController.swift */,
				7540892325BD811500CC8A8A /* UpdatePreferencesView.xib */,
			);
			path = passformacos;
			sourceTree = "<group>";
		};
		75E07C10216E0DA700EA9CBD /* Frameworks */ = {
			isa = PBXGroup;
			children = (
				75E07C11216E0DA700EA9CBD /* Cocoa.framework */,
				758C5486259791E80061F239 /* Sparkle.framework */,
			);
			name = Frameworks;
			sourceTree = "<group>";
		};
		75E07C13216E0DA700EA9CBD /* extension */ = {
			isa = PBXGroup;
			children = (
				7542023821A4904600124A19 /* ToolbarItemIcon.pdf */,
				75E07C14216E0DA700EA9CBD /* SafariExtensionHandler.swift */,
				75E07C16216E0DA700EA9CBD /* SafariExtensionViewController.swift */,
				75E07C18216E0DA700EA9CBD /* SafariExtensionViewController.xib */,
				75E07C1B216E0DA700EA9CBD /* Info.plist */,
				75E07C1C216E0DA700EA9CBD /* passformacosFillForm.js */,
				75E07C20216E0DA700EA9CBD /* extension.entitlements */,
				75494A0E218CCEBD00148925 /* ClientHandler.swift */,
				7511A360219B53C5008290E9 /* passformacosToast.css */,
			);
			path = extension;
			sourceTree = "<group>";
		};
/* End PBXGroup section */

/* Begin PBXNativeTarget section */
		75E07BDB216E0D8D00EA9CBD /* passformacos */ = {
			isa = PBXNativeTarget;
			buildConfigurationList = 75E07C02216E0D8E00EA9CBD /* Build configuration list for PBXNativeTarget "passformacos" */;
			buildPhases = (
				75E07BD8216E0D8D00EA9CBD /* Sources */,
				75E07BD9216E0D8D00EA9CBD /* Frameworks */,
				75E07BDA216E0D8D00EA9CBD /* Resources */,
				75E07C27216E0DA700EA9CBD /* Embed App Extensions */,
				75B908B1244367EB005DBEEC /* CopyFiles */,
			);
			buildRules = (
			);
			dependencies = (
				75E07C22216E0DA700EA9CBD /* PBXTargetDependency */,
			);
			name = passformacos;
			packageProductDependencies = (
				7540891425BD788900CC8A8A /* Preferences */,
				75E72FEB25E6241E00C914B4 /* KeyboardShortcuts */,
			);
			productName = passformacos;
			productReference = 75E07BDC216E0D8D00EA9CBD /* Pass for macOS.app */;
			productType = "com.apple.product-type.application";
		};
		75E07C0E216E0DA700EA9CBD /* extension */ = {
			isa = PBXNativeTarget;
			buildConfigurationList = 75E07C24216E0DA700EA9CBD /* Build configuration list for PBXNativeTarget "extension" */;
			buildPhases = (
				75E07C0B216E0DA700EA9CBD /* Sources */,
				75E07C0C216E0DA700EA9CBD /* Frameworks */,
				75E07C0D216E0DA700EA9CBD /* Resources */,
			);
			buildRules = (
			);
			dependencies = (
			);
			name = extension;
			productName = extension;
			productReference = 75E07C0F216E0DA700EA9CBD /* extension.appex */;
			productType = "com.apple.product-type.app-extension";
		};
/* End PBXNativeTarget section */

/* Begin PBXProject section */
		75E07BD4216E0D8D00EA9CBD /* Project object */ = {
			isa = PBXProject;
			attributes = {
				LastSwiftUpdateCheck = 1000;
				LastUpgradeCheck = 1120;
				ORGANIZATIONNAME = "Artur Sterz";
				TargetAttributes = {
					75E07BDB216E0D8D00EA9CBD = {
						CreatedOnToolsVersion = 10.0;
						LastSwiftMigration = 1110;
						SystemCapabilities = {
							com.apple.ApplicationGroups.Mac = {
								enabled = 1;
							};
							com.apple.Keychain = {
								enabled = 0;
							};
							com.apple.Sandbox = {
								enabled = 1;
							};
						};
					};
					75E07C0E216E0DA700EA9CBD = {
						CreatedOnToolsVersion = 10.0;
						LastSwiftMigration = 1110;
						SystemCapabilities = {
							com.apple.ApplicationGroups.Mac = {
								enabled = 1;
							};
							com.apple.Sandbox = {
								enabled = 1;
							};
						};
					};
				};
			};
			buildConfigurationList = 75E07BD7216E0D8D00EA9CBD /* Build configuration list for PBXProject "passformacos" */;
			compatibilityVersion = "Xcode 9.3";
			developmentRegion = en;
			hasScannedForEncodings = 0;
			knownRegions = (
				en,
				Base,
			);
			mainGroup = 75E07BD3216E0D8D00EA9CBD;
			packageReferences = (
				7540891325BD788900CC8A8A /* XCRemoteSwiftPackageReference "Preferences" */,
				75E72FEA25E6241E00C914B4 /* XCRemoteSwiftPackageReference "KeyboardShortcuts" */,
			);
			productRefGroup = 75E07BDD216E0D8D00EA9CBD /* Products */;
			projectDirPath = "";
			projectRoot = "";
			targets = (
				75E07BDB216E0D8D00EA9CBD /* passformacos */,
				75E07C0E216E0DA700EA9CBD /* extension */,
			);
		};
/* End PBXProject section */

/* Begin PBXResourcesBuildPhase section */
		75E07BDA216E0D8D00EA9CBD /* Resources */ = {
			isa = PBXResourcesBuildPhase;
			buildActionMask = 2147483647;
			files = (
				7540892125BD7EEB00CC8A8A /* GeneralPreferencesView.xib in Resources */,
				75E07BE4216E0D8E00EA9CBD /* Assets.xcassets in Resources */,
				7540892425BD811500CC8A8A /* UpdatePreferencesView.xib in Resources */,
				75E07BE7216E0D8E00EA9CBD /* Main.storyboard in Resources */,
			);
			runOnlyForDeploymentPostprocessing = 0;
		};
		75E07C0D216E0DA700EA9CBD /* Resources */ = {
			isa = PBXResourcesBuildPhase;
			buildActionMask = 2147483647;
			files = (
				7511A35E219B52B7008290E9 /* passformacosFillForm.js in Resources */,
				75E07C1A216E0DA700EA9CBD /* SafariExtensionViewController.xib in Resources */,
				7542023921A4904600124A19 /* ToolbarItemIcon.pdf in Resources */,
				7511A361219B53C5008290E9 /* passformacosToast.css in Resources */,
			);
			runOnlyForDeploymentPostprocessing = 0;
		};
/* End PBXResourcesBuildPhase section */

/* Begin PBXSourcesBuildPhase section */
		75E07BD8216E0D8D00EA9CBD /* Sources */ = {
			isa = PBXSourcesBuildPhase;
			buildActionMask = 2147483647;
			files = (
				7540891B25BD79B200CC8A8A /* GeneralPreferencesViewController.swift in Sources */,
				75494A0B218CCC7F00148925 /* ServerHandler.swift in Sources */,
				75E07BE2216E0D8D00EA9CBD /* ViewController.swift in Sources */,
				7540891825BD796C00CC8A8A /* Preferences.swift in Sources */,
				7540891E25BD7A8000CC8A8A /* UpdatePreferencesViewController.swift in Sources */,
				75E07BE0216E0D8D00EA9CBD /* AppDelegate.swift in Sources */,
				756E0B9A2185F9DA0079B98C /* Passwordstore.swift in Sources */,
				7540890F25BB3F4500CC8A8A /* Shortcut.swift in Sources */,
			);
			runOnlyForDeploymentPostprocessing = 0;
		};
		75E07C0B216E0DA700EA9CBD /* Sources */ = {
			isa = PBXSourcesBuildPhase;
			buildActionMask = 2147483647;
			files = (
				75E07C17216E0DA700EA9CBD /* SafariExtensionViewController.swift in Sources */,
				75494A0F218CCEBD00148925 /* ClientHandler.swift in Sources */,
				75E07C15216E0DA700EA9CBD /* SafariExtensionHandler.swift in Sources */,
			);
			runOnlyForDeploymentPostprocessing = 0;
		};
/* End PBXSourcesBuildPhase section */

/* Begin PBXTargetDependency section */
		75E07C22216E0DA700EA9CBD /* PBXTargetDependency */ = {
			isa = PBXTargetDependency;
			target = 75E07C0E216E0DA700EA9CBD /* extension */;
			targetProxy = 75E07C21216E0DA700EA9CBD /* PBXContainerItemProxy */;
		};
/* End PBXTargetDependency section */

/* Begin PBXVariantGroup section */
		75E07BE5216E0D8E00EA9CBD /* Main.storyboard */ = {
			isa = PBXVariantGroup;
			children = (
				75E07BE6216E0D8E00EA9CBD /* Base */,
			);
			name = Main.storyboard;
			sourceTree = "<group>";
		};
		75E07C18216E0DA700EA9CBD /* SafariExtensionViewController.xib */ = {
			isa = PBXVariantGroup;
			children = (
				75E07C19216E0DA700EA9CBD /* Base */,
			);
			name = SafariExtensionViewController.xib;
			sourceTree = "<group>";
		};
/* End PBXVariantGroup section */

/* Begin XCBuildConfiguration section */
		75E07C00216E0D8E00EA9CBD /* Debug */ = {
			isa = XCBuildConfiguration;
			buildSettings = {
				ALWAYS_SEARCH_USER_PATHS = NO;
				CLANG_ANALYZER_NONNULL = YES;
				CLANG_ANALYZER_NUMBER_OBJECT_CONVERSION = YES_AGGRESSIVE;
				CLANG_CXX_LANGUAGE_STANDARD = "gnu++14";
				CLANG_CXX_LIBRARY = "libc++";
				CLANG_ENABLE_MODULES = YES;
				CLANG_ENABLE_OBJC_ARC = YES;
				CLANG_ENABLE_OBJC_WEAK = YES;
				CLANG_WARN_BLOCK_CAPTURE_AUTORELEASING = YES;
				CLANG_WARN_BOOL_CONVERSION = YES;
				CLANG_WARN_COMMA = YES;
				CLANG_WARN_CONSTANT_CONVERSION = YES;
				CLANG_WARN_DEPRECATED_OBJC_IMPLEMENTATIONS = YES;
				CLANG_WARN_DIRECT_OBJC_ISA_USAGE = YES_ERROR;
				CLANG_WARN_DOCUMENTATION_COMMENTS = YES;
				CLANG_WARN_EMPTY_BODY = YES;
				CLANG_WARN_ENUM_CONVERSION = YES;
				CLANG_WARN_INFINITE_RECURSION = YES;
				CLANG_WARN_INT_CONVERSION = YES;
				CLANG_WARN_NON_LITERAL_NULL_CONVERSION = YES;
				CLANG_WARN_OBJC_IMPLICIT_RETAIN_SELF = YES;
				CLANG_WARN_OBJC_LITERAL_CONVERSION = YES;
				CLANG_WARN_OBJC_ROOT_CLASS = YES_ERROR;
				CLANG_WARN_RANGE_LOOP_ANALYSIS = YES;
				CLANG_WARN_STRICT_PROTOTYPES = YES;
				CLANG_WARN_SUSPICIOUS_MOVE = YES;
				CLANG_WARN_UNGUARDED_AVAILABILITY = YES_AGGRESSIVE;
				CLANG_WARN_UNREACHABLE_CODE = YES;
				CLANG_WARN__DUPLICATE_METHOD_MATCH = YES;
				CODE_SIGN_IDENTITY = "Mac Developer";
				COPY_PHASE_STRIP = NO;
				DEBUG_INFORMATION_FORMAT = dwarf;
				ENABLE_STRICT_OBJC_MSGSEND = YES;
				ENABLE_TESTABILITY = YES;
				GCC_C_LANGUAGE_STANDARD = gnu11;
				GCC_DYNAMIC_NO_PIC = NO;
				GCC_NO_COMMON_BLOCKS = YES;
				GCC_OPTIMIZATION_LEVEL = 0;
				GCC_PREPROCESSOR_DEFINITIONS = (
					"DEBUG=1",
					"$(inherited)",
				);
				GCC_WARN_64_TO_32_BIT_CONVERSION = YES;
				GCC_WARN_ABOUT_RETURN_TYPE = YES_ERROR;
				GCC_WARN_UNDECLARED_SELECTOR = YES;
				GCC_WARN_UNINITIALIZED_AUTOS = YES_AGGRESSIVE;
				GCC_WARN_UNUSED_FUNCTION = YES;
				GCC_WARN_UNUSED_VARIABLE = YES;
				INFOPLIST_FILE = "";
				MACOSX_DEPLOYMENT_TARGET = 10.14;
				MTL_ENABLE_DEBUG_INFO = INCLUDE_SOURCE;
				MTL_FAST_MATH = YES;
				ONLY_ACTIVE_ARCH = YES;
				PRODUCT_BUNDLE_IDENTIFIER = "";
				SDKROOT = macosx;
				SWIFT_ACTIVE_COMPILATION_CONDITIONS = DEBUG;
				SWIFT_OPTIMIZATION_LEVEL = "-Onone";
			};
			name = Debug;
		};
		75E07C01216E0D8E00EA9CBD /* Release */ = {
			isa = XCBuildConfiguration;
			buildSettings = {
				ALWAYS_SEARCH_USER_PATHS = NO;
				CLANG_ANALYZER_NONNULL = YES;
				CLANG_ANALYZER_NUMBER_OBJECT_CONVERSION = YES_AGGRESSIVE;
				CLANG_CXX_LANGUAGE_STANDARD = "gnu++14";
				CLANG_CXX_LIBRARY = "libc++";
				CLANG_ENABLE_MODULES = YES;
				CLANG_ENABLE_OBJC_ARC = YES;
				CLANG_ENABLE_OBJC_WEAK = YES;
				CLANG_WARN_BLOCK_CAPTURE_AUTORELEASING = YES;
				CLANG_WARN_BOOL_CONVERSION = YES;
				CLANG_WARN_COMMA = YES;
				CLANG_WARN_CONSTANT_CONVERSION = YES;
				CLANG_WARN_DEPRECATED_OBJC_IMPLEMENTATIONS = YES;
				CLANG_WARN_DIRECT_OBJC_ISA_USAGE = YES_ERROR;
				CLANG_WARN_DOCUMENTATION_COMMENTS = YES;
				CLANG_WARN_EMPTY_BODY = YES;
				CLANG_WARN_ENUM_CONVERSION = YES;
				CLANG_WARN_INFINITE_RECURSION = YES;
				CLANG_WARN_INT_CONVERSION = YES;
				CLANG_WARN_NON_LITERAL_NULL_CONVERSION = YES;
				CLANG_WARN_OBJC_IMPLICIT_RETAIN_SELF = YES;
				CLANG_WARN_OBJC_LITERAL_CONVERSION = YES;
				CLANG_WARN_OBJC_ROOT_CLASS = YES_ERROR;
				CLANG_WARN_RANGE_LOOP_ANALYSIS = YES;
				CLANG_WARN_STRICT_PROTOTYPES = YES;
				CLANG_WARN_SUSPICIOUS_MOVE = YES;
				CLANG_WARN_UNGUARDED_AVAILABILITY = YES_AGGRESSIVE;
				CLANG_WARN_UNREACHABLE_CODE = YES;
				CLANG_WARN__DUPLICATE_METHOD_MATCH = YES;
				CODE_SIGN_IDENTITY = "Mac Developer";
				COPY_PHASE_STRIP = NO;
				DEBUG_INFORMATION_FORMAT = "dwarf-with-dsym";
				ENABLE_NS_ASSERTIONS = NO;
				ENABLE_STRICT_OBJC_MSGSEND = YES;
				GCC_C_LANGUAGE_STANDARD = gnu11;
				GCC_NO_COMMON_BLOCKS = YES;
				GCC_WARN_64_TO_32_BIT_CONVERSION = YES;
				GCC_WARN_ABOUT_RETURN_TYPE = YES_ERROR;
				GCC_WARN_UNDECLARED_SELECTOR = YES;
				GCC_WARN_UNINITIALIZED_AUTOS = YES_AGGRESSIVE;
				GCC_WARN_UNUSED_FUNCTION = YES;
				GCC_WARN_UNUSED_VARIABLE = YES;
				INFOPLIST_FILE = "";
				MACOSX_DEPLOYMENT_TARGET = 10.14;
				MTL_ENABLE_DEBUG_INFO = NO;
				MTL_FAST_MATH = YES;
				PRODUCT_BUNDLE_IDENTIFIER = "";
				SDKROOT = macosx;
				SWIFT_COMPILATION_MODE = wholemodule;
				SWIFT_OPTIMIZATION_LEVEL = "-O";
			};
			name = Release;
		};
		75E07C03216E0D8E00EA9CBD /* Debug */ = {
			isa = XCBuildConfiguration;
			buildSettings = {
				ALWAYS_EMBED_SWIFT_STANDARD_LIBRARIES = YES;
				ASSETCATALOG_COMPILER_APPICON_NAME = AppIcon;
				CODE_SIGN_ENTITLEMENTS = passformacos/passformacos.entitlements;
				CODE_SIGN_IDENTITY = "Developer ID Application";
				CODE_SIGN_STYLE = Manual;
				COMBINE_HIDPI_IMAGES = YES;
				CURRENT_PROJECT_VERSION = 0.11.2;
				DEVELOPMENT_TEAM = BR355MFMD5;
				FRAMEWORK_SEARCH_PATHS = (
					"$(inherited)",
					"$(PROJECT_DIR)",
				);
				INFOPLIST_FILE = passformacos/Info.plist;
				LD_RUNPATH_SEARCH_PATHS = (
					"$(inherited)",
					"@executable_path/../Frameworks",
				);
				MACOSX_DEPLOYMENT_TARGET = 10.14.4;
				MARKETING_VERSION = 0.11.2;
				PRODUCT_BUNDLE_IDENTIFIER = de.artursterz.passformacos;
				PRODUCT_NAME = "Pass for macOS";
				PROVISIONING_PROFILE_SPECIFIER = "Pass for macOS";
				SWIFT_VERSION = 5.0;
			};
			name = Debug;
		};
		75E07C04216E0D8E00EA9CBD /* Release */ = {
			isa = XCBuildConfiguration;
			buildSettings = {
				ALWAYS_EMBED_SWIFT_STANDARD_LIBRARIES = YES;
				ASSETCATALOG_COMPILER_APPICON_NAME = AppIcon;
				CODE_SIGN_ENTITLEMENTS = passformacos/passformacos.entitlements;
				CODE_SIGN_IDENTITY = "Developer ID Application";
				CODE_SIGN_STYLE = Manual;
				COMBINE_HIDPI_IMAGES = YES;
				CURRENT_PROJECT_VERSION = 0.11.2;
				DEVELOPMENT_TEAM = BR355MFMD5;
				FRAMEWORK_SEARCH_PATHS = (
					"$(inherited)",
					"$(PROJECT_DIR)",
				);
				INFOPLIST_FILE = passformacos/Info.plist;
				LD_RUNPATH_SEARCH_PATHS = (
					"$(inherited)",
					"@executable_path/../Frameworks",
				);
				MACOSX_DEPLOYMENT_TARGET = 10.14.4;
				MARKETING_VERSION = 0.11.2;
				PRODUCT_BUNDLE_IDENTIFIER = de.artursterz.passformacos;
				PRODUCT_NAME = "Pass for macOS";
				PROVISIONING_PROFILE_SPECIFIER = "Pass for macOS";
				SWIFT_VERSION = 5.0;
			};
			name = Release;
		};
		75E07C25216E0DA700EA9CBD /* Debug */ = {
			isa = XCBuildConfiguration;
			buildSettings = {
				CODE_SIGN_ENTITLEMENTS = extension/extension.entitlements;
				CODE_SIGN_IDENTITY = "Developer ID Application";
				CODE_SIGN_STYLE = Manual;
				CURRENT_PROJECT_VERSION = 0.11.2;
				DEVELOPMENT_TEAM = BR355MFMD5;
				INFOPLIST_FILE = extension/Info.plist;
				LD_RUNPATH_SEARCH_PATHS = (
					"$(inherited)",
					"@executable_path/../Frameworks",
					"@executable_path/../../../../Frameworks",
				);
				MACOSX_DEPLOYMENT_TARGET = 10.14.4;
				MARKETING_VERSION = 0.11.2;
				PRODUCT_BUNDLE_IDENTIFIER = de.artursterz.passformacos.extension;
				PRODUCT_NAME = "$(TARGET_NAME)";
				PROVISIONING_PROFILE_SPECIFIER = "Pass for macOS Extension";
				SKIP_INSTALL = YES;
				SWIFT_VERSION = 5.0;
			};
			name = Debug;
		};
		75E07C26216E0DA700EA9CBD /* Release */ = {
			isa = XCBuildConfiguration;
			buildSettings = {
				CODE_SIGN_ENTITLEMENTS = extension/extension.entitlements;
				CODE_SIGN_IDENTITY = "Developer ID Application";
				CODE_SIGN_STYLE = Manual;
				CURRENT_PROJECT_VERSION = 0.11.2;
				DEVELOPMENT_TEAM = BR355MFMD5;
				INFOPLIST_FILE = extension/Info.plist;
				LD_RUNPATH_SEARCH_PATHS = (
					"$(inherited)",
					"@executable_path/../Frameworks",
					"@executable_path/../../../../Frameworks",
				);
				MACOSX_DEPLOYMENT_TARGET = 10.14.4;
				MARKETING_VERSION = 0.11.2;
				PRODUCT_BUNDLE_IDENTIFIER = de.artursterz.passformacos.extension;
				PRODUCT_NAME = "$(TARGET_NAME)";
				PROVISIONING_PROFILE_SPECIFIER = "Pass for macOS Extension";
				SKIP_INSTALL = YES;
				SWIFT_VERSION = 5.0;
			};
			name = Release;
		};
/* End XCBuildConfiguration section */

/* Begin XCConfigurationList section */
		75E07BD7216E0D8D00EA9CBD /* Build configuration list for PBXProject "passformacos" */ = {
			isa = XCConfigurationList;
			buildConfigurations = (
				75E07C00216E0D8E00EA9CBD /* Debug */,
				75E07C01216E0D8E00EA9CBD /* Release */,
			);
			defaultConfigurationIsVisible = 0;
			defaultConfigurationName = Release;
		};
		75E07C02216E0D8E00EA9CBD /* Build configuration list for PBXNativeTarget "passformacos" */ = {
			isa = XCConfigurationList;
			buildConfigurations = (
				75E07C03216E0D8E00EA9CBD /* Debug */,
				75E07C04216E0D8E00EA9CBD /* Release */,
			);
			defaultConfigurationIsVisible = 0;
			defaultConfigurationName = Release;
		};
		75E07C24216E0DA700EA9CBD /* Build configuration list for PBXNativeTarget "extension" */ = {
			isa = XCConfigurationList;
			buildConfigurations = (
				75E07C25216E0DA700EA9CBD /* Debug */,
				75E07C26216E0DA700EA9CBD /* Release */,
			);
			defaultConfigurationIsVisible = 0;
			defaultConfigurationName = Release;
		};
/* End XCConfigurationList section */

/* Begin XCRemoteSwiftPackageReference section */
		7540891325BD788900CC8A8A /* XCRemoteSwiftPackageReference "Preferences" */ = {
			isa = XCRemoteSwiftPackageReference;
			repositoryURL = "https://github.com/sindresorhus/Preferences";
			requirement = {
				kind = upToNextMajorVersion;
				minimumVersion = 2.2.0;
			};
		};
		75E72FEA25E6241E00C914B4 /* XCRemoteSwiftPackageReference "KeyboardShortcuts" */ = {
			isa = XCRemoteSwiftPackageReference;
			repositoryURL = "https://github.com/sindresorhus/KeyboardShortcuts";
			requirement = {
				kind = upToNextMajorVersion;
				minimumVersion = 0.7.1;
			};
		};
/* End XCRemoteSwiftPackageReference section */

/* Begin XCSwiftPackageProductDependency section */
		7540891425BD788900CC8A8A /* Preferences */ = {
			isa = XCSwiftPackageProductDependency;
			package = 7540891325BD788900CC8A8A /* XCRemoteSwiftPackageReference "Preferences" */;
			productName = Preferences;
		};
		75E72FEB25E6241E00C914B4 /* KeyboardShortcuts */ = {
			isa = XCSwiftPackageProductDependency;
			package = 75E72FEA25E6241E00C914B4 /* XCRemoteSwiftPackageReference "KeyboardShortcuts" */;
			productName = KeyboardShortcuts;
		};
/* End XCSwiftPackageProductDependency section */
	};
	rootObject = 75E07BD4216E0D8D00EA9CBD /* Project object */;
}
